<?xml version="1.0" encoding="utf-8"?>
<Project ToolsVersion="4.0" xmlns="http://schemas.microsoft.com/developer/msbuild/2003">
  <ItemGroup>
    <Filter Include="be-src">
      <UniqueIdentifier>{7bfd7c93-afd2-4e73-8e9a-21725c3b0ae9}</UniqueIdentifier>
    </Filter>
    <Filter Include="be-src\1_PresentaitonCore">
      <UniqueIdentifier>{babceb2b-8f2e-48eb-874a-65cb95769f82}</UniqueIdentifier>
    </Filter>
    <Filter Include="be-src\1_PresentaitonCore\Scheme">
      <UniqueIdentifier>{82df2338-8328-408d-b5a5-03f0720a9c48}</UniqueIdentifier>
    </Filter>
  </ItemGroup>
  <ItemGroup>
    <ClCompile Include="be-src\1_PresentationCore\App.cpp">
      <Filter>be-src\1_PresentaitonCore</Filter>
    </ClCompile>
    <ClCompile Include="be-src\1_PresentationCore\main.cpp">
      <Filter>be-src\1_PresentaitonCore</Filter>
    </ClCompile>
    <ClCompile Include="be-src\1_PresentationCore\Other.cpp">
      <Filter>be-src\1_PresentaitonCore</Filter>
    </ClCompile>
    <ClCompile Include="be-src\1_PresentationCore\Renderer.cpp">
      <Filter>be-src\1_PresentaitonCore</Filter>
    </ClCompile>
    <ClCompile Include="be-src\1_PresentationCore\WindowDelegate.cpp">
      <Filter>be-src\1_PresentaitonCore</Filter>
    </ClCompile>
    <ClCompile Include="be-src\1_PresentationCore\Scheme\CustomSchemeFactory.cpp">
      <Filter>be-src\1_PresentaitonCore\Scheme</Filter>
    </ClCompile>
    <ClCompile Include="be-src\1_PresentationCore\Scheme\CustomSchemeHandler.cpp">
      <Filter>be-src\1_PresentaitonCore\Scheme</Filter>
    </ClCompile>
    <ClCompile Include="be-src\1_PresentationCore\Scheme\HttpSchemeFactory.cpp">
      <Filter>be-src\1_PresentaitonCore\Scheme</Filter>
    </ClCompile>
  </ItemGroup>
  <ItemGroup>
    <ClInclude Include="be-src\1_PresentationCore\App.h">
      <Filter>be-src\1_PresentaitonCore</Filter>
    </ClInclude>
    <ClInclude Include="be-src\1_PresentationCore\Other.h">
      <Filter>be-src\1_PresentaitonCore</Filter>
    </ClInclude>
    <ClInclude Include="be-src\1_PresentationCore\Renderer.h">
      <Filter>be-src\1_PresentaitonCore</Filter>
    </ClInclude>
    <ClInclude Include="be-src\1_PresentationCore\WindowDelegate.h">
      <Filter>be-src\1_PresentaitonCore</Filter>
    </ClInclude>
    <ClInclude Include="be-src\1_PresentationCore\Scheme\CustomSchemeFactory.h">
      <Filter>be-src\1_PresentaitonCore\Scheme</Filter>
    </ClInclude>
    <ClInclude Include="be-src\1_PresentationCore\Scheme\CustomSchemeHandler.h">
      <Filter>be-src\1_PresentaitonCore\Scheme</Filter>
    </ClInclude>
    <ClInclude Include="be-src\1_PresentationCore\Scheme\HttpSchemeFactory.h">
      <Filter>be-src\1_PresentaitonCore\Scheme</Filter>
    </ClInclude>
  </ItemGroup>
</Project>